// !$*UTF8*$!
{
	archiveVersion = 1;
	classes = {
	};
	objectVersion = 46;
	objects = {

/* Begin PBXBuildFile section */
		A560782A1CB40138007F7E65 /* TDCore-Extension.h in Headers */ = {isa = PBXBuildFile; fileRef = A56078291CB40138007F7E65 /* TDCore-Extension.h */; settings = {ATTRIBUTES = (Public, ); }; };
		A56078311CB40139007F7E65 /* TheDistanceCoreExtension.framework in Frameworks */ = {isa = PBXBuildFile; fileRef = A56078271CB40138007F7E65 /* TheDistanceCoreExtension.framework */; };
		A56078361CB40139007F7E65 /* TDCore_ExtensionTests.swift in Sources */ = {isa = PBXBuildFile; fileRef = A56078351CB40139007F7E65 /* TDCore_ExtensionTests.swift */; };
		A58541151BE782E700AE8A0B /* ParallaxScrollable.swift in Sources */ = {isa = PBXBuildFile; fileRef = A58541141BE782E700AE8A0B /* ParallaxScrollable.swift */; };
		A58541191BE78C4F00AE8A0B /* DateTests.swift in Sources */ = {isa = PBXBuildFile; fileRef = A58541181BE78C4F00AE8A0B /* DateTests.swift */; };
		A5A7B3311BE3A2A0005D52D0 /* TDCore.h in Headers */ = {isa = PBXBuildFile; fileRef = A5A7B3301BE3A2A0005D52D0 /* TDCore.h */; settings = {ATTRIBUTES = (Public, ); }; };
		A5A7B3381BE3A2A1005D52D0 /* TheDistanceCore.framework in Frameworks */ = {isa = PBXBuildFile; fileRef = A5A7B32D1BE3A2A0005D52D0 /* TheDistanceCore.framework */; };
		A5A7B3541BE3A2C4005D52D0 /* CGRect.swift in Sources */ = {isa = PBXBuildFile; fileRef = A5A7B3491BE3A2C4005D52D0 /* CGRect.swift */; };
		A5A7B3551BE3A2C4005D52D0 /* Dictionary.swift in Sources */ = {isa = PBXBuildFile; fileRef = A5A7B34A1BE3A2C4005D52D0 /* Dictionary.swift */; };
		A5A7B3561BE3A2C4005D52D0 /* NSDate.swift in Sources */ = {isa = PBXBuildFile; fileRef = A5A7B34B1BE3A2C4005D52D0 /* NSDate.swift */; };
		A5A7B3571BE3A2C4005D52D0 /* NSDateComponents.swift in Sources */ = {isa = PBXBuildFile; fileRef = A5A7B34C1BE3A2C4005D52D0 /* NSDateComponents.swift */; };
		A5A7B3581BE3A2C4005D52D0 /* NSError.swift in Sources */ = {isa = PBXBuildFile; fileRef = A5A7B34D1BE3A2C4005D52D0 /* NSError.swift */; };
		A5A7B3591BE3A2C4005D52D0 /* NSLayoutConstraint.swift in Sources */ = {isa = PBXBuildFile; fileRef = A5A7B34E1BE3A2C4005D52D0 /* NSLayoutConstraint.swift */; };
		A5A7B35A1BE3A2C4005D52D0 /* OptionSetType.swift in Sources */ = {isa = PBXBuildFile; fileRef = A5A7B34F1BE3A2C4005D52D0 /* OptionSetType.swift */; };
		A5A7B35B1BE3A2C4005D52D0 /* String.swift in Sources */ = {isa = PBXBuildFile; fileRef = A5A7B3501BE3A2C4005D52D0 /* String.swift */; };
		A5A7B35C1BE3A2C4005D52D0 /* UIDevice.swift in Sources */ = {isa = PBXBuildFile; fileRef = A5A7B3511BE3A2C4005D52D0 /* UIDevice.swift */; };
		A5A7B35D1BE3A2C4005D52D0 /* UIEdgeInsets.swift in Sources */ = {isa = PBXBuildFile; fileRef = A5A7B3521BE3A2C4005D52D0 /* UIEdgeInsets.swift */; };
		A5A7B35E1BE3A2C4005D52D0 /* UIViewController.swift in Sources */ = {isa = PBXBuildFile; fileRef = A5A7B3531BE3A2C4005D52D0 /* UIViewController.swift */; };
		A5A7B3601BE3A2CC005D52D0 /* Enums.swift in Sources */ = {isa = PBXBuildFile; fileRef = A5A7B35F1BE3A2CC005D52D0 /* Enums.swift */; };
		A5A7B3681BE3B2C4005D52D0 /* NSURL.swift in Sources */ = {isa = PBXBuildFile; fileRef = A5A7B3671BE3B2C4005D52D0 /* NSURL.swift */; };
		A5A7B36E1BE3B461005D52D0 /* NotificationObserver.swift in Sources */ = {isa = PBXBuildFile; fileRef = A5A7B36B1BE3B461005D52D0 /* NotificationObserver.swift */; };
		A5A7B36F1BE3B461005D52D0 /* ObjectObserver.swift in Sources */ = {isa = PBXBuildFile; fileRef = A5A7B36C1BE3B461005D52D0 /* ObjectObserver.swift */; };
		A5A7B3701BE3B461005D52D0 /* Observer.swift in Sources */ = {isa = PBXBuildFile; fileRef = A5A7B36D1BE3B461005D52D0 /* Observer.swift */; };
		A5A7B3721BE3B634005D52D0 /* CoreGraphicsTests.swift in Sources */ = {isa = PBXBuildFile; fileRef = A5A7B3711BE3B634005D52D0 /* CoreGraphicsTests.swift */; };
		A5A7B3741BE3BDB1005D52D0 /* ConstraintsTests.swift in Sources */ = {isa = PBXBuildFile; fileRef = A5A7B3731BE3BDB1005D52D0 /* ConstraintsTests.swift */; };
		A5A7B3761BE3D54F005D52D0 /* StringTests.swift in Sources */ = {isa = PBXBuildFile; fileRef = A5A7B3751BE3D54F005D52D0 /* StringTests.swift */; };
		A5A7B3781BE3D674005D52D0 /* ObserverTests.swift in Sources */ = {isa = PBXBuildFile; fileRef = A5A7B3771BE3D674005D52D0 /* ObserverTests.swift */; };
		A5A7B37B1BE3DCCE005D52D0 /* URLTests.swift in Sources */ = {isa = PBXBuildFile; fileRef = A5A7B37A1BE3DCCE005D52D0 /* URLTests.swift */; };
		A5A7B37D1BE3DDB6005D52D0 /* DictionaryTests.swift in Sources */ = {isa = PBXBuildFile; fileRef = A5A7B37C1BE3DDB6005D52D0 /* DictionaryTests.swift */; };
		A5C228BF1CBE7F6800CD65EC /* TheDistanceCore-App.h in Headers */ = {isa = PBXBuildFile; fileRef = A5C228BE1CBE7F6800CD65EC /* TheDistanceCore-App.h */; settings = {ATTRIBUTES = (Public, ); }; };
		A5C228CB1CBE800400CD65EC /* UIViewController-OpenURLs.swift in Sources */ = {isa = PBXBuildFile; fileRef = A5C228C91CBE7FDF00CD65EC /* UIViewController-OpenURLs.swift */; };
		A5C228CC1CBE800500CD65EC /* UIViewController-OpenURLs.swift in Sources */ = {isa = PBXBuildFile; fileRef = A5C228C91CBE7FDF00CD65EC /* UIViewController-OpenURLs.swift */; };
		A5C228CE1CBE803B00CD65EC /* UIViewController-App.swift in Sources */ = {isa = PBXBuildFile; fileRef = A5C228CD1CBE803B00CD65EC /* UIViewController-App.swift */; };
		A5C228D11CBE80E200CD65EC /* UIViewController-Extension.swift in Sources */ = {isa = PBXBuildFile; fileRef = A5C228D01CBE80E200CD65EC /* UIViewController-Extension.swift */; };
		A5C228D71CBE84FE00CD65EC /* ObjectTarget.swift in Sources */ = {isa = PBXBuildFile; fileRef = A5C228D61CBE84FE00CD65EC /* ObjectTarget.swift */; };
/* End PBXBuildFile section */

/* Begin PBXContainerItemProxy section */
		A56078321CB40139007F7E65 /* PBXContainerItemProxy */ = {
			isa = PBXContainerItemProxy;
			containerPortal = A5A7B3241BE3A2A0005D52D0 /* Project object */;
			proxyType = 1;
			remoteGlobalIDString = A56078261CB40138007F7E65;
			remoteInfo = "TDCore-Extension";
		};
		A5A7B3391BE3A2A1005D52D0 /* PBXContainerItemProxy */ = {
			isa = PBXContainerItemProxy;
			containerPortal = A5A7B3241BE3A2A0005D52D0 /* Project object */;
			proxyType = 1;
			remoteGlobalIDString = A5A7B32C1BE3A2A0005D52D0;
			remoteInfo = TDCore;
		};
		A5C228C41CBE7F7300CD65EC /* PBXContainerItemProxy */ = {
			isa = PBXContainerItemProxy;
			containerPortal = A5A7B3241BE3A2A0005D52D0 /* Project object */;
			proxyType = 1;
			remoteGlobalIDString = A5A7B32C1BE3A2A0005D52D0;
			remoteInfo = TheDistanceCore;
		};
		A5C228C61CBE7F8500CD65EC /* PBXContainerItemProxy */ = {
			isa = PBXContainerItemProxy;
			containerPortal = A5A7B3241BE3A2A0005D52D0 /* Project object */;
			proxyType = 1;
			remoteGlobalIDString = A5A7B32C1BE3A2A0005D52D0;
			remoteInfo = TheDistanceCore;
		};
/* End PBXContainerItemProxy section */

/* Begin PBXFileReference section */
		A560780D1CB400F9007F7E65 /* TDCore-Extension.h */ = {isa = PBXFileReference; lastKnownFileType = sourcecode.c.h; path = "TDCore-Extension.h"; sourceTree = "<group>"; };
		A560780F1CB400F9007F7E65 /* Info.plist */ = {isa = PBXFileReference; lastKnownFileType = text.plist.xml; path = Info.plist; sourceTree = "<group>"; };
		A56078191CB400FA007F7E65 /* TDCore_ExtensionTests.swift */ = {isa = PBXFileReference; lastKnownFileType = sourcecode.swift; path = TDCore_ExtensionTests.swift; sourceTree = "<group>"; };
		A560781B1CB400FA007F7E65 /* Info.plist */ = {isa = PBXFileReference; lastKnownFileType = text.plist.xml; path = Info.plist; sourceTree = "<group>"; };
		A56078271CB40138007F7E65 /* TheDistanceCoreExtension.framework */ = {isa = PBXFileReference; explicitFileType = wrapper.framework; includeInIndex = 0; path = TheDistanceCoreExtension.framework; sourceTree = BUILT_PRODUCTS_DIR; };
		A56078291CB40138007F7E65 /* TDCore-Extension.h */ = {isa = PBXFileReference; lastKnownFileType = sourcecode.c.h; path = "TDCore-Extension.h"; sourceTree = "<group>"; };
		A560782B1CB40138007F7E65 /* Info.plist */ = {isa = PBXFileReference; lastKnownFileType = text.plist.xml; path = Info.plist; sourceTree = "<group>"; };
		A56078301CB40138007F7E65 /* TDCore-ExtensionTests.xctest */ = {isa = PBXFileReference; explicitFileType = wrapper.cfbundle; includeInIndex = 0; path = "TDCore-ExtensionTests.xctest"; sourceTree = BUILT_PRODUCTS_DIR; };
		A56078351CB40139007F7E65 /* TDCore_ExtensionTests.swift */ = {isa = PBXFileReference; lastKnownFileType = sourcecode.swift; path = TDCore_ExtensionTests.swift; sourceTree = "<group>"; };
		A56078371CB40139007F7E65 /* Info.plist */ = {isa = PBXFileReference; lastKnownFileType = text.plist.xml; path = Info.plist; sourceTree = "<group>"; };
		A58541141BE782E700AE8A0B /* ParallaxScrollable.swift */ = {isa = PBXFileReference; fileEncoding = 4; lastKnownFileType = sourcecode.swift; path = ParallaxScrollable.swift; sourceTree = "<group>"; };
		A58541181BE78C4F00AE8A0B /* DateTests.swift */ = {isa = PBXFileReference; fileEncoding = 4; lastKnownFileType = sourcecode.swift; path = DateTests.swift; sourceTree = "<group>"; };
		A5A7B32D1BE3A2A0005D52D0 /* TheDistanceCore.framework */ = {isa = PBXFileReference; explicitFileType = wrapper.framework; includeInIndex = 0; path = TheDistanceCore.framework; sourceTree = BUILT_PRODUCTS_DIR; };
		A5A7B3301BE3A2A0005D52D0 /* TDCore.h */ = {isa = PBXFileReference; lastKnownFileType = sourcecode.c.h; path = TDCore.h; sourceTree = "<group>"; };
		A5A7B3321BE3A2A0005D52D0 /* Info.plist */ = {isa = PBXFileReference; lastKnownFileType = text.plist.xml; path = Info.plist; sourceTree = "<group>"; };
		A5A7B3371BE3A2A1005D52D0 /* TDCoreTests.xctest */ = {isa = PBXFileReference; explicitFileType = wrapper.cfbundle; includeInIndex = 0; path = TDCoreTests.xctest; sourceTree = BUILT_PRODUCTS_DIR; };
		A5A7B33E1BE3A2A1005D52D0 /* Info.plist */ = {isa = PBXFileReference; lastKnownFileType = text.plist.xml; path = Info.plist; sourceTree = "<group>"; };
		A5A7B3491BE3A2C4005D52D0 /* CGRect.swift */ = {isa = PBXFileReference; fileEncoding = 4; lastKnownFileType = sourcecode.swift; path = CGRect.swift; sourceTree = "<group>"; };
		A5A7B34A1BE3A2C4005D52D0 /* Dictionary.swift */ = {isa = PBXFileReference; fileEncoding = 4; lastKnownFileType = sourcecode.swift; path = Dictionary.swift; sourceTree = "<group>"; };
		A5A7B34B1BE3A2C4005D52D0 /* NSDate.swift */ = {isa = PBXFileReference; fileEncoding = 4; lastKnownFileType = sourcecode.swift; path = NSDate.swift; sourceTree = "<group>"; };
		A5A7B34C1BE3A2C4005D52D0 /* NSDateComponents.swift */ = {isa = PBXFileReference; fileEncoding = 4; lastKnownFileType = sourcecode.swift; path = NSDateComponents.swift; sourceTree = "<group>"; };
		A5A7B34D1BE3A2C4005D52D0 /* NSError.swift */ = {isa = PBXFileReference; fileEncoding = 4; lastKnownFileType = sourcecode.swift; path = NSError.swift; sourceTree = "<group>"; };
		A5A7B34E1BE3A2C4005D52D0 /* NSLayoutConstraint.swift */ = {isa = PBXFileReference; fileEncoding = 4; lastKnownFileType = sourcecode.swift; path = NSLayoutConstraint.swift; sourceTree = "<group>"; };
		A5A7B34F1BE3A2C4005D52D0 /* OptionSetType.swift */ = {isa = PBXFileReference; fileEncoding = 4; lastKnownFileType = sourcecode.swift; path = OptionSetType.swift; sourceTree = "<group>"; };
		A5A7B3501BE3A2C4005D52D0 /* String.swift */ = {isa = PBXFileReference; fileEncoding = 4; lastKnownFileType = sourcecode.swift; path = String.swift; sourceTree = "<group>"; };
		A5A7B3511BE3A2C4005D52D0 /* UIDevice.swift */ = {isa = PBXFileReference; fileEncoding = 4; lastKnownFileType = sourcecode.swift; path = UIDevice.swift; sourceTree = "<group>"; };
		A5A7B3521BE3A2C4005D52D0 /* UIEdgeInsets.swift */ = {isa = PBXFileReference; fileEncoding = 4; lastKnownFileType = sourcecode.swift; path = UIEdgeInsets.swift; sourceTree = "<group>"; };
		A5A7B3531BE3A2C4005D52D0 /* UIViewController.swift */ = {isa = PBXFileReference; fileEncoding = 4; lastKnownFileType = sourcecode.swift; path = UIViewController.swift; sourceTree = "<group>"; };
		A5A7B35F1BE3A2CC005D52D0 /* Enums.swift */ = {isa = PBXFileReference; fileEncoding = 4; lastKnownFileType = sourcecode.swift; path = Enums.swift; sourceTree = "<group>"; };
		A5A7B3671BE3B2C4005D52D0 /* NSURL.swift */ = {isa = PBXFileReference; fileEncoding = 4; lastKnownFileType = sourcecode.swift; path = NSURL.swift; sourceTree = "<group>"; };
		A5A7B36B1BE3B461005D52D0 /* NotificationObserver.swift */ = {isa = PBXFileReference; fileEncoding = 4; lastKnownFileType = sourcecode.swift; path = NotificationObserver.swift; sourceTree = "<group>"; };
		A5A7B36C1BE3B461005D52D0 /* ObjectObserver.swift */ = {isa = PBXFileReference; fileEncoding = 4; lastKnownFileType = sourcecode.swift; path = ObjectObserver.swift; sourceTree = "<group>"; };
		A5A7B36D1BE3B461005D52D0 /* Observer.swift */ = {isa = PBXFileReference; fileEncoding = 4; lastKnownFileType = sourcecode.swift; path = Observer.swift; sourceTree = "<group>"; };
		A5A7B3711BE3B634005D52D0 /* CoreGraphicsTests.swift */ = {isa = PBXFileReference; fileEncoding = 4; lastKnownFileType = sourcecode.swift; path = CoreGraphicsTests.swift; sourceTree = "<group>"; };
		A5A7B3731BE3BDB1005D52D0 /* ConstraintsTests.swift */ = {isa = PBXFileReference; fileEncoding = 4; lastKnownFileType = sourcecode.swift; path = ConstraintsTests.swift; sourceTree = "<group>"; };
		A5A7B3751BE3D54F005D52D0 /* StringTests.swift */ = {isa = PBXFileReference; fileEncoding = 4; lastKnownFileType = sourcecode.swift; path = StringTests.swift; sourceTree = "<group>"; };
		A5A7B3771BE3D674005D52D0 /* ObserverTests.swift */ = {isa = PBXFileReference; fileEncoding = 4; lastKnownFileType = sourcecode.swift; name = ObserverTests.swift; path = "Classes Tests/ObserverTests.swift"; sourceTree = "<group>"; };
		A5A7B37A1BE3DCCE005D52D0 /* URLTests.swift */ = {isa = PBXFileReference; fileEncoding = 4; lastKnownFileType = sourcecode.swift; path = URLTests.swift; sourceTree = "<group>"; };
		A5A7B37C1BE3DDB6005D52D0 /* DictionaryTests.swift */ = {isa = PBXFileReference; fileEncoding = 4; lastKnownFileType = sourcecode.swift; path = DictionaryTests.swift; sourceTree = "<group>"; };
		A5C228BC1CBE7F6800CD65EC /* TheDistanceCoreApp.framework */ = {isa = PBXFileReference; explicitFileType = wrapper.framework; includeInIndex = 0; path = TheDistanceCoreApp.framework; sourceTree = BUILT_PRODUCTS_DIR; };
		A5C228BE1CBE7F6800CD65EC /* TheDistanceCore-App.h */ = {isa = PBXFileReference; lastKnownFileType = sourcecode.c.h; path = "TheDistanceCore-App.h"; sourceTree = "<group>"; };
		A5C228C01CBE7F6800CD65EC /* Info.plist */ = {isa = PBXFileReference; lastKnownFileType = text.plist.xml; path = Info.plist; sourceTree = "<group>"; };
		A5C228C91CBE7FDF00CD65EC /* UIViewController-OpenURLs.swift */ = {isa = PBXFileReference; fileEncoding = 4; lastKnownFileType = sourcecode.swift; path = "UIViewController-OpenURLs.swift"; sourceTree = "<group>"; };
		A5C228CD1CBE803B00CD65EC /* UIViewController-App.swift */ = {isa = PBXFileReference; fileEncoding = 4; lastKnownFileType = sourcecode.swift; path = "UIViewController-App.swift"; sourceTree = "<group>"; };
		A5C228D01CBE80E200CD65EC /* UIViewController-Extension.swift */ = {isa = PBXFileReference; fileEncoding = 4; lastKnownFileType = sourcecode.swift; path = "UIViewController-Extension.swift"; sourceTree = "<group>"; };
		A5C228D61CBE84FE00CD65EC /* ObjectTarget.swift */ = {isa = PBXFileReference; fileEncoding = 4; lastKnownFileType = sourcecode.swift; path = ObjectTarget.swift; sourceTree = "<group>"; };
/* End PBXFileReference section */

/* Begin PBXFrameworksBuildPhase section */
		A56078231CB40138007F7E65 /* Frameworks */ = {
			isa = PBXFrameworksBuildPhase;
			buildActionMask = 2147483647;
			files = (
			);
			runOnlyForDeploymentPostprocessing = 0;
		};
		A560782D1CB40138007F7E65 /* Frameworks */ = {
			isa = PBXFrameworksBuildPhase;
			buildActionMask = 2147483647;
			files = (
				A56078311CB40139007F7E65 /* TheDistanceCoreExtension.framework in Frameworks */,
			);
			runOnlyForDeploymentPostprocessing = 0;
		};
		A5A7B3291BE3A2A0005D52D0 /* Frameworks */ = {
			isa = PBXFrameworksBuildPhase;
			buildActionMask = 2147483647;
			files = (
			);
			runOnlyForDeploymentPostprocessing = 0;
		};
		A5A7B3341BE3A2A1005D52D0 /* Frameworks */ = {
			isa = PBXFrameworksBuildPhase;
			buildActionMask = 2147483647;
			files = (
				A5A7B3381BE3A2A1005D52D0 /* TheDistanceCore.framework in Frameworks */,
			);
			runOnlyForDeploymentPostprocessing = 0;
		};
		A5C228B81CBE7F6800CD65EC /* Frameworks */ = {
			isa = PBXFrameworksBuildPhase;
			buildActionMask = 2147483647;
			files = (
			);
			runOnlyForDeploymentPostprocessing = 0;
		};
/* End PBXFrameworksBuildPhase section */

/* Begin PBXGroup section */
		A560780C1CB400F9007F7E65 /* TDCore-Extension */ = {
			isa = PBXGroup;
			children = (
				A560780D1CB400F9007F7E65 /* TDCore-Extension.h */,
				A560780F1CB400F9007F7E65 /* Info.plist */,
			);
			path = "TDCore-Extension";
			sourceTree = "<group>";
		};
		A56078181CB400FA007F7E65 /* TDCore-ExtensionTests */ = {
			isa = PBXGroup;
			children = (
				A56078191CB400FA007F7E65 /* TDCore_ExtensionTests.swift */,
				A560781B1CB400FA007F7E65 /* Info.plist */,
			);
			path = "TDCore-ExtensionTests";
			sourceTree = "<group>";
		};
		A56078281CB40138007F7E65 /* TDCore-Extension */ = {
			isa = PBXGroup;
			children = (
				A56078291CB40138007F7E65 /* TDCore-Extension.h */,
				A5C228D01CBE80E200CD65EC /* UIViewController-Extension.swift */,
				A560782B1CB40138007F7E65 /* Info.plist */,
			);
			path = "TDCore-Extension";
			sourceTree = "<group>";
		};
		A56078341CB40139007F7E65 /* TDCore-ExtensionTests */ = {
			isa = PBXGroup;
			children = (
				A56078351CB40139007F7E65 /* TDCore_ExtensionTests.swift */,
				A56078371CB40139007F7E65 /* Info.plist */,
			);
			path = "TDCore-ExtensionTests";
			sourceTree = "<group>";
		};
		A5A7B3231BE3A2A0005D52D0 = {
			isa = PBXGroup;
			children = (
				A5A7B32F1BE3A2A0005D52D0 /* TDCore */,
				A5A7B33B1BE3A2A1005D52D0 /* TDCoreTests */,
				A560780C1CB400F9007F7E65 /* TDCore-Extension */,
				A56078181CB400FA007F7E65 /* TDCore-ExtensionTests */,
				A56078281CB40138007F7E65 /* TDCore-Extension */,
				A56078341CB40139007F7E65 /* TDCore-ExtensionTests */,
				A5C228BD1CBE7F6800CD65EC /* TheDistanceCore-App */,
				A5A7B32E1BE3A2A0005D52D0 /* Products */,
			);
			sourceTree = "<group>";
		};
		A5A7B32E1BE3A2A0005D52D0 /* Products */ = {
			isa = PBXGroup;
			children = (
				A5A7B32D1BE3A2A0005D52D0 /* TheDistanceCore.framework */,
				A5A7B3371BE3A2A1005D52D0 /* TDCoreTests.xctest */,
				A56078271CB40138007F7E65 /* TheDistanceCoreExtension.framework */,
				A56078301CB40138007F7E65 /* TDCore-ExtensionTests.xctest */,
				A5C228BC1CBE7F6800CD65EC /* TheDistanceCoreApp.framework */,
			);
			name = Products;
			sourceTree = "<group>";
		};
		A5A7B32F1BE3A2A0005D52D0 /* TDCore */ = {
			isa = PBXGroup;
			children = (
				A5A7B3301BE3A2A0005D52D0 /* TDCore.h */,
				A5A7B3471BE3A2C4005D52D0 /* Classes */,
				A5A7B3481BE3A2C4005D52D0 /* Extensions */,
				A5C228CF1CBE806B00CD65EC /* Shared */,
				A5A7B3321BE3A2A0005D52D0 /* Info.plist */,
			);
			path = TDCore;
			sourceTree = "<group>";
		};
		A5A7B33B1BE3A2A1005D52D0 /* TDCoreTests */ = {
			isa = PBXGroup;
			children = (
				A5A7B3711BE3B634005D52D0 /* CoreGraphicsTests.swift */,
				A5A7B3731BE3BDB1005D52D0 /* ConstraintsTests.swift */,
				A5A7B3751BE3D54F005D52D0 /* StringTests.swift */,
				A5A7B37A1BE3DCCE005D52D0 /* URLTests.swift */,
				A5A7B37C1BE3DDB6005D52D0 /* DictionaryTests.swift */,
				A58541181BE78C4F00AE8A0B /* DateTests.swift */,
				A5A7B3791BE3D678005D52D0 /* Classes Tests */,
				A5A7B33E1BE3A2A1005D52D0 /* Info.plist */,
			);
			path = TDCoreTests;
			sourceTree = "<group>";
		};
		A5A7B3471BE3A2C4005D52D0 /* Classes */ = {
			isa = PBXGroup;
			children = (
				A5A7B35F1BE3A2CC005D52D0 /* Enums.swift */,
				A58541141BE782E700AE8A0B /* ParallaxScrollable.swift */,
				A5C228D61CBE84FE00CD65EC /* ObjectTarget.swift */,
				A5A7B36A1BE3B461005D52D0 /* Observers */,
			);
			path = Classes;
			sourceTree = "<group>";
		};
		A5A7B3481BE3A2C4005D52D0 /* Extensions */ = {
			isa = PBXGroup;
			children = (
				A5A7B3491BE3A2C4005D52D0 /* CGRect.swift */,
				A5A7B34A1BE3A2C4005D52D0 /* Dictionary.swift */,
				A5A7B34B1BE3A2C4005D52D0 /* NSDate.swift */,
				A5A7B34C1BE3A2C4005D52D0 /* NSDateComponents.swift */,
				A5A7B34D1BE3A2C4005D52D0 /* NSError.swift */,
				A5A7B34E1BE3A2C4005D52D0 /* NSLayoutConstraint.swift */,
				A5A7B3671BE3B2C4005D52D0 /* NSURL.swift */,
				A5A7B34F1BE3A2C4005D52D0 /* OptionSetType.swift */,
				A5A7B3501BE3A2C4005D52D0 /* String.swift */,
				A5A7B3511BE3A2C4005D52D0 /* UIDevice.swift */,
				A5A7B3521BE3A2C4005D52D0 /* UIEdgeInsets.swift */,
				A5A7B3531BE3A2C4005D52D0 /* UIViewController.swift */,
			);
			path = Extensions;
			sourceTree = "<group>";
		};
		A5A7B36A1BE3B461005D52D0 /* Observers */ = {
			isa = PBXGroup;
			children = (
				A5A7B36B1BE3B461005D52D0 /* NotificationObserver.swift */,
				A5A7B36C1BE3B461005D52D0 /* ObjectObserver.swift */,
				A5A7B36D1BE3B461005D52D0 /* Observer.swift */,
			);
			path = Observers;
			sourceTree = "<group>";
		};
		A5A7B3791BE3D678005D52D0 /* Classes Tests */ = {
			isa = PBXGroup;
			children = (
				A5A7B3771BE3D674005D52D0 /* ObserverTests.swift */,
			);
			name = "Classes Tests";
			sourceTree = "<group>";
		};
		A5C228BD1CBE7F6800CD65EC /* TheDistanceCore-App */ = {
			isa = PBXGroup;
			children = (
				A5C228BE1CBE7F6800CD65EC /* TheDistanceCore-App.h */,
				A5C228CD1CBE803B00CD65EC /* UIViewController-App.swift */,
				A5C228C01CBE7F6800CD65EC /* Info.plist */,
			);
			path = "TheDistanceCore-App";
			sourceTree = "<group>";
		};
		A5C228CF1CBE806B00CD65EC /* Shared */ = {
			isa = PBXGroup;
			children = (
				A5C228C91CBE7FDF00CD65EC /* UIViewController-OpenURLs.swift */,
			);
			name = Shared;
			path = Extensions;
			sourceTree = "<group>";
		};
/* End PBXGroup section */

/* Begin PBXHeadersBuildPhase section */
		A56078241CB40138007F7E65 /* Headers */ = {
			isa = PBXHeadersBuildPhase;
			buildActionMask = 2147483647;
			files = (
				A560782A1CB40138007F7E65 /* TDCore-Extension.h in Headers */,
			);
			runOnlyForDeploymentPostprocessing = 0;
		};
		A5A7B32A1BE3A2A0005D52D0 /* Headers */ = {
			isa = PBXHeadersBuildPhase;
			buildActionMask = 2147483647;
			files = (
				A5A7B3311BE3A2A0005D52D0 /* TDCore.h in Headers */,
			);
			runOnlyForDeploymentPostprocessing = 0;
		};
		A5C228B91CBE7F6800CD65EC /* Headers */ = {
			isa = PBXHeadersBuildPhase;
			buildActionMask = 2147483647;
			files = (
				A5C228BF1CBE7F6800CD65EC /* TheDistanceCore-App.h in Headers */,
			);
			runOnlyForDeploymentPostprocessing = 0;
		};
/* End PBXHeadersBuildPhase section */

/* Begin PBXNativeTarget section */
		A56078261CB40138007F7E65 /* TheDistanceCoreExtension */ = {
			isa = PBXNativeTarget;
			buildConfigurationList = A56078381CB40139007F7E65 /* Build configuration list for PBXNativeTarget "TheDistanceCoreExtension" */;
			buildPhases = (
				A56078221CB40138007F7E65 /* Sources */,
				A56078231CB40138007F7E65 /* Frameworks */,
				A56078241CB40138007F7E65 /* Headers */,
				A56078251CB40138007F7E65 /* Resources */,
			);
			buildRules = (
			);
			dependencies = (
				A5C228C51CBE7F7300CD65EC /* PBXTargetDependency */,
			);
			name = TheDistanceCoreExtension;
			productName = "TDCore-Extension";
			productReference = A56078271CB40138007F7E65 /* TheDistanceCoreExtension.framework */;
			productType = "com.apple.product-type.framework";
		};
		A560782F1CB40138007F7E65 /* TDCore-ExtensionTests */ = {
			isa = PBXNativeTarget;
			buildConfigurationList = A560783B1CB40139007F7E65 /* Build configuration list for PBXNativeTarget "TDCore-ExtensionTests" */;
			buildPhases = (
				A560782C1CB40138007F7E65 /* Sources */,
				A560782D1CB40138007F7E65 /* Frameworks */,
				A560782E1CB40138007F7E65 /* Resources */,
			);
			buildRules = (
			);
			dependencies = (
				A56078331CB40139007F7E65 /* PBXTargetDependency */,
			);
			name = "TDCore-ExtensionTests";
			productName = "TDCore-ExtensionTests";
			productReference = A56078301CB40138007F7E65 /* TDCore-ExtensionTests.xctest */;
			productType = "com.apple.product-type.bundle.unit-test";
		};
		A5A7B32C1BE3A2A0005D52D0 /* TheDistanceCore */ = {
			isa = PBXNativeTarget;
			buildConfigurationList = A5A7B3411BE3A2A1005D52D0 /* Build configuration list for PBXNativeTarget "TheDistanceCore" */;
			buildPhases = (
				A5A7B3281BE3A2A0005D52D0 /* Sources */,
				A5A7B3291BE3A2A0005D52D0 /* Frameworks */,
				A5A7B32A1BE3A2A0005D52D0 /* Headers */,
				A5A7B32B1BE3A2A0005D52D0 /* Resources */,
			);
			buildRules = (
			);
			dependencies = (
			);
			name = TheDistanceCore;
			productName = TDCore;
			productReference = A5A7B32D1BE3A2A0005D52D0 /* TheDistanceCore.framework */;
			productType = "com.apple.product-type.framework";
		};
		A5A7B3361BE3A2A1005D52D0 /* TDCoreTests */ = {
			isa = PBXNativeTarget;
			buildConfigurationList = A5A7B3441BE3A2A1005D52D0 /* Build configuration list for PBXNativeTarget "TDCoreTests" */;
			buildPhases = (
				A5A7B3331BE3A2A1005D52D0 /* Sources */,
				A5A7B3341BE3A2A1005D52D0 /* Frameworks */,
				A5A7B3351BE3A2A1005D52D0 /* Resources */,
			);
			buildRules = (
			);
			dependencies = (
				A5A7B33A1BE3A2A1005D52D0 /* PBXTargetDependency */,
			);
			name = TDCoreTests;
			productName = TDCoreTests;
			productReference = A5A7B3371BE3A2A1005D52D0 /* TDCoreTests.xctest */;
			productType = "com.apple.product-type.bundle.unit-test";
		};
		A5C228BB1CBE7F6800CD65EC /* TheDistanceCoreApp */ = {
			isa = PBXNativeTarget;
			buildConfigurationList = A5C228C31CBE7F6800CD65EC /* Build configuration list for PBXNativeTarget "TheDistanceCoreApp" */;
			buildPhases = (
				A5C228B71CBE7F6800CD65EC /* Sources */,
				A5C228B81CBE7F6800CD65EC /* Frameworks */,
				A5C228B91CBE7F6800CD65EC /* Headers */,
				A5C228BA1CBE7F6800CD65EC /* Resources */,
			);
			buildRules = (
			);
			dependencies = (
				A5C228C71CBE7F8500CD65EC /* PBXTargetDependency */,
			);
			name = TheDistanceCoreApp;
			productName = "TheDistanceCore-App";
			productReference = A5C228BC1CBE7F6800CD65EC /* TheDistanceCoreApp.framework */;
			productType = "com.apple.product-type.framework";
		};
/* End PBXNativeTarget section */

/* Begin PBXProject section */
		A5A7B3241BE3A2A0005D52D0 /* Project object */ = {
			isa = PBXProject;
			attributes = {
				LastSwiftUpdateCheck = 0730;
				LastUpgradeCheck = 0710;
				ORGANIZATIONNAME = "The Distance";
				TargetAttributes = {
					A56078261CB40138007F7E65 = {
						CreatedOnToolsVersion = 7.3;
					};
					A560782F1CB40138007F7E65 = {
						CreatedOnToolsVersion = 7.3;
					};
					A5A7B32C1BE3A2A0005D52D0 = {
						CreatedOnToolsVersion = 7.1;
					};
					A5A7B3361BE3A2A1005D52D0 = {
						CreatedOnToolsVersion = 7.1;
					};
					A5C228BB1CBE7F6800CD65EC = {
						CreatedOnToolsVersion = 7.3;
					};
				};
			};
			buildConfigurationList = A5A7B3271BE3A2A0005D52D0 /* Build configuration list for PBXProject "TDCore" */;
			compatibilityVersion = "Xcode 3.2";
			developmentRegion = English;
			hasScannedForEncodings = 0;
			knownRegions = (
				en,
			);
			mainGroup = A5A7B3231BE3A2A0005D52D0;
			productRefGroup = A5A7B32E1BE3A2A0005D52D0 /* Products */;
			projectDirPath = "";
			projectRoot = "";
			targets = (
				A5A7B32C1BE3A2A0005D52D0 /* TheDistanceCore */,
				A5A7B3361BE3A2A1005D52D0 /* TDCoreTests */,
				A56078261CB40138007F7E65 /* TheDistanceCoreExtension */,
				A560782F1CB40138007F7E65 /* TDCore-ExtensionTests */,
				A5C228BB1CBE7F6800CD65EC /* TheDistanceCoreApp */,
			);
		};
/* End PBXProject section */

/* Begin PBXResourcesBuildPhase section */
		A56078251CB40138007F7E65 /* Resources */ = {
			isa = PBXResourcesBuildPhase;
			buildActionMask = 2147483647;
			files = (
			);
			runOnlyForDeploymentPostprocessing = 0;
		};
		A560782E1CB40138007F7E65 /* Resources */ = {
			isa = PBXResourcesBuildPhase;
			buildActionMask = 2147483647;
			files = (
			);
			runOnlyForDeploymentPostprocessing = 0;
		};
		A5A7B32B1BE3A2A0005D52D0 /* Resources */ = {
			isa = PBXResourcesBuildPhase;
			buildActionMask = 2147483647;
			files = (
			);
			runOnlyForDeploymentPostprocessing = 0;
		};
		A5A7B3351BE3A2A1005D52D0 /* Resources */ = {
			isa = PBXResourcesBuildPhase;
			buildActionMask = 2147483647;
			files = (
			);
			runOnlyForDeploymentPostprocessing = 0;
		};
		A5C228BA1CBE7F6800CD65EC /* Resources */ = {
			isa = PBXResourcesBuildPhase;
			buildActionMask = 2147483647;
			files = (
			);
			runOnlyForDeploymentPostprocessing = 0;
		};
/* End PBXResourcesBuildPhase section */

/* Begin PBXSourcesBuildPhase section */
		A56078221CB40138007F7E65 /* Sources */ = {
			isa = PBXSourcesBuildPhase;
			buildActionMask = 2147483647;
			files = (
				A5C228D11CBE80E200CD65EC /* UIViewController-Extension.swift in Sources */,
				A5C228CB1CBE800400CD65EC /* UIViewController-OpenURLs.swift in Sources */,
			);
			runOnlyForDeploymentPostprocessing = 0;
		};
		A560782C1CB40138007F7E65 /* Sources */ = {
			isa = PBXSourcesBuildPhase;
			buildActionMask = 2147483647;
			files = (
				A56078361CB40139007F7E65 /* TDCore_ExtensionTests.swift in Sources */,
			);
			runOnlyForDeploymentPostprocessing = 0;
		};
		A5A7B3281BE3A2A0005D52D0 /* Sources */ = {
			isa = PBXSourcesBuildPhase;
			buildActionMask = 2147483647;
			files = (
				A58541151BE782E700AE8A0B /* ParallaxScrollable.swift in Sources */,
				A5C228D71CBE84FE00CD65EC /* ObjectTarget.swift in Sources */,
				A5A7B3541BE3A2C4005D52D0 /* CGRect.swift in Sources */,
				A5A7B3701BE3B461005D52D0 /* Observer.swift in Sources */,
				A5A7B35C1BE3A2C4005D52D0 /* UIDevice.swift in Sources */,
				A5A7B3591BE3A2C4005D52D0 /* NSLayoutConstraint.swift in Sources */,
				A5A7B35E1BE3A2C4005D52D0 /* UIViewController.swift in Sources */,
				A5A7B35A1BE3A2C4005D52D0 /* OptionSetType.swift in Sources */,
				A5A7B3561BE3A2C4005D52D0 /* NSDate.swift in Sources */,
				A5A7B36F1BE3B461005D52D0 /* ObjectObserver.swift in Sources */,
				A5A7B3571BE3A2C4005D52D0 /* NSDateComponents.swift in Sources */,
				A5A7B3681BE3B2C4005D52D0 /* NSURL.swift in Sources */,
				A5A7B36E1BE3B461005D52D0 /* NotificationObserver.swift in Sources */,
				A5A7B35D1BE3A2C4005D52D0 /* UIEdgeInsets.swift in Sources */,
				A5A7B3551BE3A2C4005D52D0 /* Dictionary.swift in Sources */,
				A5A7B35B1BE3A2C4005D52D0 /* String.swift in Sources */,
				A5A7B3601BE3A2CC005D52D0 /* Enums.swift in Sources */,
				A5A7B3581BE3A2C4005D52D0 /* NSError.swift in Sources */,
			);
			runOnlyForDeploymentPostprocessing = 0;
		};
		A5A7B3331BE3A2A1005D52D0 /* Sources */ = {
			isa = PBXSourcesBuildPhase;
			buildActionMask = 2147483647;
			files = (
				A5A7B3741BE3BDB1005D52D0 /* ConstraintsTests.swift in Sources */,
				A5A7B37B1BE3DCCE005D52D0 /* URLTests.swift in Sources */,
				A5A7B37D1BE3DDB6005D52D0 /* DictionaryTests.swift in Sources */,
				A58541191BE78C4F00AE8A0B /* DateTests.swift in Sources */,
				A5A7B3781BE3D674005D52D0 /* ObserverTests.swift in Sources */,
				A5A7B3761BE3D54F005D52D0 /* StringTests.swift in Sources */,
				A5A7B3721BE3B634005D52D0 /* CoreGraphicsTests.swift in Sources */,
			);
			runOnlyForDeploymentPostprocessing = 0;
		};
		A5C228B71CBE7F6800CD65EC /* Sources */ = {
			isa = PBXSourcesBuildPhase;
			buildActionMask = 2147483647;
			files = (
				A5C228CC1CBE800500CD65EC /* UIViewController-OpenURLs.swift in Sources */,
				A5C228CE1CBE803B00CD65EC /* UIViewController-App.swift in Sources */,
			);
			runOnlyForDeploymentPostprocessing = 0;
		};
/* End PBXSourcesBuildPhase section */

/* Begin PBXTargetDependency section */
		A56078331CB40139007F7E65 /* PBXTargetDependency */ = {
			isa = PBXTargetDependency;
			target = A56078261CB40138007F7E65 /* TheDistanceCoreExtension */;
			targetProxy = A56078321CB40139007F7E65 /* PBXContainerItemProxy */;
		};
		A5A7B33A1BE3A2A1005D52D0 /* PBXTargetDependency */ = {
			isa = PBXTargetDependency;
			target = A5A7B32C1BE3A2A0005D52D0 /* TheDistanceCore */;
			targetProxy = A5A7B3391BE3A2A1005D52D0 /* PBXContainerItemProxy */;
		};
		A5C228C51CBE7F7300CD65EC /* PBXTargetDependency */ = {
			isa = PBXTargetDependency;
			target = A5A7B32C1BE3A2A0005D52D0 /* TheDistanceCore */;
			targetProxy = A5C228C41CBE7F7300CD65EC /* PBXContainerItemProxy */;
		};
		A5C228C71CBE7F8500CD65EC /* PBXTargetDependency */ = {
			isa = PBXTargetDependency;
			target = A5A7B32C1BE3A2A0005D52D0 /* TheDistanceCore */;
			targetProxy = A5C228C61CBE7F8500CD65EC /* PBXContainerItemProxy */;
		};
/* End PBXTargetDependency section */

/* Begin XCBuildConfiguration section */
		A56078391CB40139007F7E65 /* Debug */ = {
			isa = XCBuildConfiguration;
			buildSettings = {
				APPLICATION_EXTENSION_API_ONLY = YES;
				CLANG_ANALYZER_NONNULL = YES;
				CURRENT_PROJECT_VERSION = 2016.04.13;
				DEFINES_MODULE = YES;
				DYLIB_COMPATIBILITY_VERSION = 1;
				DYLIB_CURRENT_VERSION = 0.7.1;
				DYLIB_INSTALL_NAME_BASE = "@rpath";
				INFOPLIST_FILE = "TDCore-Extension/Info.plist";
				INSTALL_PATH = "$(LOCAL_LIBRARY_DIR)/Frameworks";
				IPHONEOS_DEPLOYMENT_TARGET = 8.0;
				LD_RUNPATH_SEARCH_PATHS = "$(inherited) @executable_path/Frameworks @loader_path/Frameworks";
				PRODUCT_BUNDLE_IDENTIFIER = "uk.co.thedistance.TDCore-Extension";
				PRODUCT_NAME = "$(TARGET_NAME)";
				SKIP_INSTALL = YES;
			};
			name = Debug;
		};
		A560783A1CB40139007F7E65 /* Release */ = {
			isa = XCBuildConfiguration;
			buildSettings = {
				APPLICATION_EXTENSION_API_ONLY = YES;
				CLANG_ANALYZER_NONNULL = YES;
				CURRENT_PROJECT_VERSION = 2016.04.13;
				DEFINES_MODULE = YES;
				DYLIB_COMPATIBILITY_VERSION = 1;
				DYLIB_CURRENT_VERSION = 0.7.1;
				DYLIB_INSTALL_NAME_BASE = "@rpath";
				INFOPLIST_FILE = "TDCore-Extension/Info.plist";
				INSTALL_PATH = "$(LOCAL_LIBRARY_DIR)/Frameworks";
				IPHONEOS_DEPLOYMENT_TARGET = 8.0;
				LD_RUNPATH_SEARCH_PATHS = "$(inherited) @executable_path/Frameworks @loader_path/Frameworks";
				PRODUCT_BUNDLE_IDENTIFIER = "uk.co.thedistance.TDCore-Extension";
				PRODUCT_NAME = "$(TARGET_NAME)";
				SKIP_INSTALL = YES;
			};
			name = Release;
		};
		A560783C1CB40139007F7E65 /* Debug */ = {
			isa = XCBuildConfiguration;
			buildSettings = {
				CLANG_ANALYZER_NONNULL = YES;
				INFOPLIST_FILE = "TDCore-ExtensionTests/Info.plist";
				IPHONEOS_DEPLOYMENT_TARGET = 9.3;
				LD_RUNPATH_SEARCH_PATHS = "$(inherited) @executable_path/Frameworks @loader_path/Frameworks";
				PRODUCT_BUNDLE_IDENTIFIER = "uk.co.thedistance.TDCore-ExtensionTests";
				PRODUCT_NAME = "$(TARGET_NAME)";
			};
			name = Debug;
		};
		A560783D1CB40139007F7E65 /* Release */ = {
			isa = XCBuildConfiguration;
			buildSettings = {
				CLANG_ANALYZER_NONNULL = YES;
				INFOPLIST_FILE = "TDCore-ExtensionTests/Info.plist";
				IPHONEOS_DEPLOYMENT_TARGET = 9.3;
				LD_RUNPATH_SEARCH_PATHS = "$(inherited) @executable_path/Frameworks @loader_path/Frameworks";
				PRODUCT_BUNDLE_IDENTIFIER = "uk.co.thedistance.TDCore-ExtensionTests";
				PRODUCT_NAME = "$(TARGET_NAME)";
			};
			name = Release;
		};
		A5A7B33F1BE3A2A1005D52D0 /* Debug */ = {
			isa = XCBuildConfiguration;
			buildSettings = {
				ALWAYS_SEARCH_USER_PATHS = NO;
				CLANG_CXX_LANGUAGE_STANDARD = "gnu++0x";
				CLANG_CXX_LIBRARY = "libc++";
				CLANG_ENABLE_MODULES = YES;
				CLANG_ENABLE_OBJC_ARC = YES;
				CLANG_WARN_BOOL_CONVERSION = YES;
				CLANG_WARN_CONSTANT_CONVERSION = YES;
				CLANG_WARN_DIRECT_OBJC_ISA_USAGE = YES_ERROR;
				CLANG_WARN_EMPTY_BODY = YES;
				CLANG_WARN_ENUM_CONVERSION = YES;
				CLANG_WARN_INT_CONVERSION = YES;
				CLANG_WARN_OBJC_ROOT_CLASS = YES_ERROR;
				CLANG_WARN_UNREACHABLE_CODE = YES;
				CLANG_WARN__DUPLICATE_METHOD_MATCH = YES;
				"CODE_SIGN_IDENTITY[sdk=iphoneos*]" = "iPhone Developer";
				COPY_PHASE_STRIP = NO;
				CURRENT_PROJECT_VERSION = 1;
				DEBUG_INFORMATION_FORMAT = dwarf;
				ENABLE_STRICT_OBJC_MSGSEND = YES;
				ENABLE_TESTABILITY = YES;
				GCC_C_LANGUAGE_STANDARD = gnu99;
				GCC_DYNAMIC_NO_PIC = NO;
				GCC_NO_COMMON_BLOCKS = YES;
				GCC_OPTIMIZATION_LEVEL = 0;
				GCC_PREPROCESSOR_DEFINITIONS = (
					"DEBUG=1",
					"$(inherited)",
				);
				GCC_WARN_64_TO_32_BIT_CONVERSION = YES;
				GCC_WARN_ABOUT_RETURN_TYPE = YES_ERROR;
				GCC_WARN_UNDECLARED_SELECTOR = YES;
				GCC_WARN_UNINITIALIZED_AUTOS = YES_AGGRESSIVE;
				GCC_WARN_UNUSED_FUNCTION = YES;
				GCC_WARN_UNUSED_VARIABLE = YES;
				IPHONEOS_DEPLOYMENT_TARGET = 9.1;
				MTL_ENABLE_DEBUG_INFO = YES;
				ONLY_ACTIVE_ARCH = YES;
				SDKROOT = iphoneos;
				SWIFT_OPTIMIZATION_LEVEL = "-Onone";
				TARGETED_DEVICE_FAMILY = "1,2";
				VERSIONING_SYSTEM = "apple-generic";
				VERSION_INFO_PREFIX = "";
			};
			name = Debug;
		};
		A5A7B3401BE3A2A1005D52D0 /* Release */ = {
			isa = XCBuildConfiguration;
			buildSettings = {
				ALWAYS_SEARCH_USER_PATHS = NO;
				CLANG_CXX_LANGUAGE_STANDARD = "gnu++0x";
				CLANG_CXX_LIBRARY = "libc++";
				CLANG_ENABLE_MODULES = YES;
				CLANG_ENABLE_OBJC_ARC = YES;
				CLANG_WARN_BOOL_CONVERSION = YES;
				CLANG_WARN_CONSTANT_CONVERSION = YES;
				CLANG_WARN_DIRECT_OBJC_ISA_USAGE = YES_ERROR;
				CLANG_WARN_EMPTY_BODY = YES;
				CLANG_WARN_ENUM_CONVERSION = YES;
				CLANG_WARN_INT_CONVERSION = YES;
				CLANG_WARN_OBJC_ROOT_CLASS = YES_ERROR;
				CLANG_WARN_UNREACHABLE_CODE = YES;
				CLANG_WARN__DUPLICATE_METHOD_MATCH = YES;
				"CODE_SIGN_IDENTITY[sdk=iphoneos*]" = "iPhone Developer";
				COPY_PHASE_STRIP = NO;
				CURRENT_PROJECT_VERSION = 1;
				DEBUG_INFORMATION_FORMAT = "dwarf-with-dsym";
				ENABLE_NS_ASSERTIONS = NO;
				ENABLE_STRICT_OBJC_MSGSEND = YES;
				GCC_C_LANGUAGE_STANDARD = gnu99;
				GCC_NO_COMMON_BLOCKS = YES;
				GCC_WARN_64_TO_32_BIT_CONVERSION = YES;
				GCC_WARN_ABOUT_RETURN_TYPE = YES_ERROR;
				GCC_WARN_UNDECLARED_SELECTOR = YES;
				GCC_WARN_UNINITIALIZED_AUTOS = YES_AGGRESSIVE;
				GCC_WARN_UNUSED_FUNCTION = YES;
				GCC_WARN_UNUSED_VARIABLE = YES;
				IPHONEOS_DEPLOYMENT_TARGET = 9.1;
				MTL_ENABLE_DEBUG_INFO = NO;
				SDKROOT = iphoneos;
				TARGETED_DEVICE_FAMILY = "1,2";
				VALIDATE_PRODUCT = YES;
				VERSIONING_SYSTEM = "apple-generic";
				VERSION_INFO_PREFIX = "";
			};
			name = Release;
		};
		A5A7B3421BE3A2A1005D52D0 /* Debug */ = {
			isa = XCBuildConfiguration;
			buildSettings = {
				CURRENT_PROJECT_VERSION = 2016.04.13;
				DEFINES_MODULE = YES;
				DYLIB_COMPATIBILITY_VERSION = 1;
				DYLIB_CURRENT_VERSION = 0.7.1;
				DYLIB_INSTALL_NAME_BASE = "@rpath";
				INFOPLIST_FILE = TDCore/Info.plist;
				INSTALL_PATH = "$(LOCAL_LIBRARY_DIR)/Frameworks";
				IPHONEOS_DEPLOYMENT_TARGET = 8.0;
				LD_RUNPATH_SEARCH_PATHS = "$(inherited) @executable_path/Frameworks @loader_path/Frameworks";
				PRODUCT_BUNDLE_IDENTIFIER = uk.co.thedistance.TDCore;
				PRODUCT_NAME = "$(TARGET_NAME)";
				SKIP_INSTALL = YES;
			};
			name = Debug;
		};
		A5A7B3431BE3A2A1005D52D0 /* Release */ = {
			isa = XCBuildConfiguration;
			buildSettings = {
				CURRENT_PROJECT_VERSION = 2016.04.13;
				DEFINES_MODULE = YES;
				DYLIB_COMPATIBILITY_VERSION = 1;
				DYLIB_CURRENT_VERSION = 0.7.1;
				DYLIB_INSTALL_NAME_BASE = "@rpath";
				INFOPLIST_FILE = TDCore/Info.plist;
				INSTALL_PATH = "$(LOCAL_LIBRARY_DIR)/Frameworks";
				IPHONEOS_DEPLOYMENT_TARGET = 8.0;
				LD_RUNPATH_SEARCH_PATHS = "$(inherited) @executable_path/Frameworks @loader_path/Frameworks";
				PRODUCT_BUNDLE_IDENTIFIER = uk.co.thedistance.TDCore;
				PRODUCT_NAME = "$(TARGET_NAME)";
				SKIP_INSTALL = YES;
			};
			name = Release;
		};
		A5A7B3451BE3A2A1005D52D0 /* Debug */ = {
			isa = XCBuildConfiguration;
			buildSettings = {
				INFOPLIST_FILE = TDCoreTests/Info.plist;
				LD_RUNPATH_SEARCH_PATHS = "$(inherited) @executable_path/Frameworks @loader_path/Frameworks";
				PRODUCT_BUNDLE_IDENTIFIER = uk.co.thedistance.TDCoreTests;
				PRODUCT_NAME = "$(TARGET_NAME)";
			};
			name = Debug;
		};
		A5A7B3461BE3A2A1005D52D0 /* Release */ = {
			isa = XCBuildConfiguration;
			buildSettings = {
				INFOPLIST_FILE = TDCoreTests/Info.plist;
				LD_RUNPATH_SEARCH_PATHS = "$(inherited) @executable_path/Frameworks @loader_path/Frameworks";
				PRODUCT_BUNDLE_IDENTIFIER = uk.co.thedistance.TDCoreTests;
				PRODUCT_NAME = "$(TARGET_NAME)";
			};
			name = Release;
		};
		A5C228C11CBE7F6800CD65EC /* Debug */ = {
			isa = XCBuildConfiguration;
			buildSettings = {
				CLANG_ANALYZER_NONNULL = YES;
				CURRENT_PROJECT_VERSION = 2016.04.13;
				DEFINES_MODULE = YES;
				DYLIB_COMPATIBILITY_VERSION = 1;
				DYLIB_CURRENT_VERSION = 0.7.1;
				DYLIB_INSTALL_NAME_BASE = "@rpath";
				INFOPLIST_FILE = "TheDistanceCore-App/Info.plist";
				INSTALL_PATH = "$(LOCAL_LIBRARY_DIR)/Frameworks";
				IPHONEOS_DEPLOYMENT_TARGET = 8.0;
				LD_RUNPATH_SEARCH_PATHS = "$(inherited) @executable_path/Frameworks @loader_path/Frameworks";
				PRODUCT_BUNDLE_IDENTIFIER = "uk.co.thedistance.TheDistanceCore-App";
				PRODUCT_NAME = "$(TARGET_NAME)";
				SKIP_INSTALL = YES;
			};
			name = Debug;
		};
		A5C228C21CBE7F6800CD65EC /* Release */ = {
			isa = XCBuildConfiguration;
			buildSettings = {
				CLANG_ANALYZER_NONNULL = YES;
				CURRENT_PROJECT_VERSION = 2016.04.13;
				DEFINES_MODULE = YES;
				DYLIB_COMPATIBILITY_VERSION = 1;
				DYLIB_CURRENT_VERSION = 0.7.1;
				DYLIB_INSTALL_NAME_BASE = "@rpath";
				INFOPLIST_FILE = "TheDistanceCore-App/Info.plist";
				INSTALL_PATH = "$(LOCAL_LIBRARY_DIR)/Frameworks";
				IPHONEOS_DEPLOYMENT_TARGET = 8.0;
				LD_RUNPATH_SEARCH_PATHS = "$(inherited) @executable_path/Frameworks @loader_path/Frameworks";
				PRODUCT_BUNDLE_IDENTIFIER = "uk.co.thedistance.TheDistanceCore-App";
				PRODUCT_NAME = "$(TARGET_NAME)";
				SKIP_INSTALL = YES;
			};
			name = Release;
		};
/* End XCBuildConfiguration section */

/* Begin XCConfigurationList section */
		A56078381CB40139007F7E65 /* Build configuration list for PBXNativeTarget "TheDistanceCoreExtension" */ = {
			isa = XCConfigurationList;
			buildConfigurations = (
				A56078391CB40139007F7E65 /* Debug */,
				A560783A1CB40139007F7E65 /* Release */,
			);
			defaultConfigurationIsVisible = 0;
			defaultConfigurationName = Release;
		};
		A560783B1CB40139007F7E65 /* Build configuration list for PBXNativeTarget "TDCore-ExtensionTests" */ = {
			isa = XCConfigurationList;
			buildConfigurations = (
				A560783C1CB40139007F7E65 /* Debug */,
				A560783D1CB40139007F7E65 /* Release */,
			);
			defaultConfigurationIsVisible = 0;
			defaultConfigurationName = Release;
		};
		A5A7B3271BE3A2A0005D52D0 /* Build configuration list for PBXProject "TDCore" */ = {
			isa = XCConfigurationList;
			buildConfigurations = (
				A5A7B33F1BE3A2A1005D52D0 /* Debug */,
				A5A7B3401BE3A2A1005D52D0 /* Release */,
			);
			defaultConfigurationIsVisible = 0;
			defaultConfigurationName = Release;
		};
		A5A7B3411BE3A2A1005D52D0 /* Build configuration list for PBXNativeTarget "TheDistanceCore" */ = {
			isa = XCConfigurationList;
			buildConfigurations = (
				A5A7B3421BE3A2A1005D52D0 /* Debug */,
				A5A7B3431BE3A2A1005D52D0 /* Release */,
			);
			defaultConfigurationIsVisible = 0;
			defaultConfigurationName = Release;
		};
		A5A7B3441BE3A2A1005D52D0 /* Build configuration list for PBXNativeTarget "TDCoreTests" */ = {
			isa = XCConfigurationList;
			buildConfigurations = (
				A5A7B3451BE3A2A1005D52D0 /* Debug */,
				A5A7B3461BE3A2A1005D52D0 /* Release */,
			);
			defaultConfigurationIsVisible = 0;
			defaultConfigurationName = Release;
		};
		A5C228C31CBE7F6800CD65EC /* Build configuration list for PBXNativeTarget "TheDistanceCoreApp" */ = {
			isa = XCConfigurationList;
			buildConfigurations = (
				A5C228C11CBE7F6800CD65EC /* Debug */,
				A5C228C21CBE7F6800CD65EC /* Release */,
			);
			defaultConfigurationIsVisible = 0;
			defaultConfigurationName = Release;
		};
/* End XCConfigurationList section */
	};
	rootObject = A5A7B3241BE3A2A0005D52D0 /* Project object */;
}
